
Microsoft Visual Studio Solution File, Format Version 12.00
# Visual Studio Version 16
VisualStudioVersion = 16.0.30523.141
MinimumVisualStudioVersion = 10.0.40219.1
Project("{FAE04EC0-301F-11D3-BF4B-00C04F79EFBC}") = "Give-Blood", "Give-Blood\Give-Blood.csproj", "{EECFD04D-78AC-4137-BD94-4B87352D588E}"
EndProject
Global
	GlobalSection(SolutionConfigurationPlatforms) = preSolution
		Debug|Any CPU = Debug|Any CPU
		Release|Any CPU = Release|Any CPU
	EndGlobalSection
	GlobalSection(ProjectConfigurationPlatforms) = postSolution
		{EECFD04D-78AC-4137-BD94-4B87352D588E}.Debug|Any CPU.ActiveCfg = Debug|Any CPU
		{EECFD04D-78AC-4137-BD94-4B87352D588E}.Debug|Any CPU.Build.0 = Debug|Any CPU
		{EECFD04D-78AC-4137-BD94-4B87352D588E}.Release|Any CPU.ActiveCfg = Release|Any CPU
		{EECFD04D-78AC-4137-BD94-4B87352D588E}.Release|Any CPU.Build.0 = Release|Any CPU
	EndGlobalSection
	GlobalSection(SolutionProperties) = preSolution
		HideSolutionNode = FALSE
	EndGlobalSection
	GlobalSection(ExtensibilityGlobals) = postSolution
		SolutionGuid = {73E781BB-3DFA-4252-BEE6-24EE44E23D15}
	EndGlobalSection
EndGlobal
